// !$*UTF8*$!
{
	archiveVersion = 1;
	classes = {
	};
	objectVersion = 56;
	objects = {

/* Begin PBXBuildFile section */
		592655612C5FF18F00E9344A /* extension.swift in Sources */ = {isa = PBXBuildFile; fileRef = 592655602C5FF18F00E9344A /* extension.swift */; };
		59473F3F2C5E05720009E0F0 /* AppDelegate.swift in Sources */ = {isa = PBXBuildFile; fileRef = 59473F3E2C5E05720009E0F0 /* AppDelegate.swift */; };
		59473F412C5E05720009E0F0 /* SceneDelegate.swift in Sources */ = {isa = PBXBuildFile; fileRef = 59473F402C5E05720009E0F0 /* SceneDelegate.swift */; };
		59473F432C5E05720009E0F0 /* HomeVC.swift in Sources */ = {isa = PBXBuildFile; fileRef = 59473F422C5E05720009E0F0 /* HomeVC.swift */; };
		59473F482C5E05730009E0F0 /* Assets.xcassets in Resources */ = {isa = PBXBuildFile; fileRef = 59473F472C5E05730009E0F0 /* Assets.xcassets */; };
		596824022C65CF6A001230DF /* RootViewController.swift in Sources */ = {isa = PBXBuildFile; fileRef = 596824012C65CF6A001230DF /* RootViewController.swift */; };
		596824042C660F6C001230DF /* MessageModal.swift in Sources */ = {isa = PBXBuildFile; fileRef = 596824032C660F6C001230DF /* MessageModal.swift */; };
		A3296BA92CDDE11700C095CF /* ChatsTableViewCell.swift in Sources */ = {isa = PBXBuildFile; fileRef = A3296BA82CDDE11700C095CF /* ChatsTableViewCell.swift */; };
		A3296BAC2CDDEB6B00C095CF /* ChatPageView.swift in Sources */ = {isa = PBXBuildFile; fileRef = A3296BAB2CDDEB6B00C095CF /* ChatPageView.swift */; };
		A3296BAE2CDDEBC800C095CF /* RegisterView.swift in Sources */ = {isa = PBXBuildFile; fileRef = A3296BAD2CDDEBC800C095CF /* RegisterView.swift */; };
		A3296BB02CDDEC0E00C095CF /* LogInView.swift in Sources */ = {isa = PBXBuildFile; fileRef = A3296BAF2CDDEC0E00C095CF /* LogInView.swift */; };
		A3296BB22CDDEC7200C095CF /* HomeView.swift in Sources */ = {isa = PBXBuildFile; fileRef = A3296BB12CDDEC7200C095CF /* HomeView.swift */; };
		A3296BB42CDEE06700C095CF /* UserListView.swift in Sources */ = {isa = PBXBuildFile; fileRef = A3296BB32CDEE06700C095CF /* UserListView.swift */; };
		A3296BB62CDEE09700C095CF /* UserListVC.swift in Sources */ = {isa = PBXBuildFile; fileRef = A3296BB52CDEE09700C095CF /* UserListVC.swift */; };
		A3296BB82CDEE47100C095CF /* GoogleService-Info.plist in Resources */ = {isa = PBXBuildFile; fileRef = A3296BB72CDEE47100C095CF /* GoogleService-Info.plist */; };
		A3296BBA2CDEFFDB00C095CF /* MessageCell.swift in Sources */ = {isa = PBXBuildFile; fileRef = A3296BB92CDEFFDB00C095CF /* MessageCell.swift */; };
		A34F03622CDF01C50076E059 /* MessageStruct.swift in Sources */ = {isa = PBXBuildFile; fileRef = A34F03612CDF01C50076E059 /* MessageStruct.swift */; };
		A3E1A05B2CDDDD9D00F72014 /* LogInVC.swift in Sources */ = {isa = PBXBuildFile; fileRef = A3E1A05A2CDDDD9D00F72014 /* LogInVC.swift */; };
		A3E1A05D2CDDDDBF00F72014 /* RegisterVC.swift in Sources */ = {isa = PBXBuildFile; fileRef = A3E1A05C2CDDDDBF00F72014 /* RegisterVC.swift */; };
		A3E1A05F2CDDDDF900F72014 /* ChatPageVC.swift in Sources */ = {isa = PBXBuildFile; fileRef = A3E1A05E2CDDDDF900F72014 /* ChatPageVC.swift */; };
		F7218A94527674CE0A6AC3CF /* Pods_LetChatMessanger.framework in Frameworks */ = {isa = PBXBuildFile; fileRef = 24920D79956B5FB8F291534F /* Pods_LetChatMessanger.framework */; };
/* End PBXBuildFile section */

/* Begin PBXFileReference section */
		0523EFDBAAC360E978608D01 /* Pods-LetChatMessanger.debug.xcconfig */ = {isa = PBXFileReference; includeInIndex = 1; lastKnownFileType = text.xcconfig; name = "Pods-LetChatMessanger.debug.xcconfig"; path = "Target Support Files/Pods-LetChatMessanger/Pods-LetChatMessanger.debug.xcconfig"; sourceTree = "<group>"; };
		24920D79956B5FB8F291534F /* Pods_LetChatMessanger.framework */ = {isa = PBXFileReference; explicitFileType = wrapper.framework; includeInIndex = 0; path = Pods_LetChatMessanger.framework; sourceTree = BUILT_PRODUCTS_DIR; };
		3F43B5E6E8667BA8C828AFE9 /* Pods-LetChatMessanger.release.xcconfig */ = {isa = PBXFileReference; includeInIndex = 1; lastKnownFileType = text.xcconfig; name = "Pods-LetChatMessanger.release.xcconfig"; path = "Target Support Files/Pods-LetChatMessanger/Pods-LetChatMessanger.release.xcconfig"; sourceTree = "<group>"; };
		592655602C5FF18F00E9344A /* extension.swift */ = {isa = PBXFileReference; lastKnownFileType = sourcecode.swift; path = extension.swift; sourceTree = "<group>"; };
		59473F3B2C5E05720009E0F0 /* LetChatMessanger.app */ = {isa = PBXFileReference; explicitFileType = wrapper.application; includeInIndex = 0; path = LetChatMessanger.app; sourceTree = BUILT_PRODUCTS_DIR; };
		59473F3E2C5E05720009E0F0 /* AppDelegate.swift */ = {isa = PBXFileReference; lastKnownFileType = sourcecode.swift; path = AppDelegate.swift; sourceTree = "<group>"; };
		59473F402C5E05720009E0F0 /* SceneDelegate.swift */ = {isa = PBXFileReference; lastKnownFileType = sourcecode.swift; path = SceneDelegate.swift; sourceTree = "<group>"; };
		59473F422C5E05720009E0F0 /* HomeVC.swift */ = {isa = PBXFileReference; lastKnownFileType = sourcecode.swift; path = HomeVC.swift; sourceTree = "<group>"; };
		59473F472C5E05730009E0F0 /* Assets.xcassets */ = {isa = PBXFileReference; lastKnownFileType = folder.assetcatalog; path = Assets.xcassets; sourceTree = "<group>"; };
		59473F4C2C5E05730009E0F0 /* Info.plist */ = {isa = PBXFileReference; lastKnownFileType = text.plist.xml; path = Info.plist; sourceTree = "<group>"; };
		596824012C65CF6A001230DF /* RootViewController.swift */ = {isa = PBXFileReference; lastKnownFileType = sourcecode.swift; path = RootViewController.swift; sourceTree = "<group>"; };
		596824032C660F6C001230DF /* MessageModal.swift */ = {isa = PBXFileReference; lastKnownFileType = sourcecode.swift; path = MessageModal.swift; sourceTree = "<group>"; };
		A3296BA82CDDE11700C095CF /* ChatsTableViewCell.swift */ = {isa = PBXFileReference; lastKnownFileType = sourcecode.swift; path = ChatsTableViewCell.swift; sourceTree = "<group>"; };
		A3296BAB2CDDEB6B00C095CF /* ChatPageView.swift */ = {isa = PBXFileReference; lastKnownFileType = sourcecode.swift; path = ChatPageView.swift; sourceTree = "<group>"; };
		A3296BAD2CDDEBC800C095CF /* RegisterView.swift */ = {isa = PBXFileReference; lastKnownFileType = sourcecode.swift; path = RegisterView.swift; sourceTree = "<group>"; };
		A3296BAF2CDDEC0E00C095CF /* LogInView.swift */ = {isa = PBXFileReference; lastKnownFileType = sourcecode.swift; path = LogInView.swift; sourceTree = "<group>"; };
		A3296BB12CDDEC7200C095CF /* HomeView.swift */ = {isa = PBXFileReference; lastKnownFileType = sourcecode.swift; path = HomeView.swift; sourceTree = "<group>"; };
		A3296BB32CDEE06700C095CF /* UserListView.swift */ = {isa = PBXFileReference; lastKnownFileType = sourcecode.swift; path = UserListView.swift; sourceTree = "<group>"; };
		A3296BB52CDEE09700C095CF /* UserListVC.swift */ = {isa = PBXFileReference; lastKnownFileType = sourcecode.swift; path = UserListVC.swift; sourceTree = "<group>"; };
		A3296BB72CDEE47100C095CF /* GoogleService-Info.plist */ = {isa = PBXFileReference; fileEncoding = 4; lastKnownFileType = text.plist.xml; path = "GoogleService-Info.plist"; sourceTree = "<group>"; };
		A3296BB92CDEFFDB00C095CF /* MessageCell.swift */ = {isa = PBXFileReference; lastKnownFileType = sourcecode.swift; path = MessageCell.swift; sourceTree = "<group>"; };
		A34F03612CDF01C50076E059 /* MessageStruct.swift */ = {isa = PBXFileReference; lastKnownFileType = sourcecode.swift; path = MessageStruct.swift; sourceTree = "<group>"; };
		A3E1A05A2CDDDD9D00F72014 /* LogInVC.swift */ = {isa = PBXFileReference; lastKnownFileType = sourcecode.swift; path = LogInVC.swift; sourceTree = "<group>"; };
		A3E1A05C2CDDDDBF00F72014 /* RegisterVC.swift */ = {isa = PBXFileReference; lastKnownFileType = sourcecode.swift; path = RegisterVC.swift; sourceTree = "<group>"; };
		A3E1A05E2CDDDDF900F72014 /* ChatPageVC.swift */ = {isa = PBXFileReference; lastKnownFileType = sourcecode.swift; path = ChatPageVC.swift; sourceTree = "<group>"; };
/* End PBXFileReference section */

/* Begin PBXFrameworksBuildPhase section */
		59473F382C5E05720009E0F0 /* Frameworks */ = {
			isa = PBXFrameworksBuildPhase;
			buildActionMask = 2147483647;
			files = (
				F7218A94527674CE0A6AC3CF /* Pods_LetChatMessanger.framework in Frameworks */,
			);
			runOnlyForDeploymentPostprocessing = 0;
		};
/* End PBXFrameworksBuildPhase section */

/* Begin PBXGroup section */
		5926555F2C5FF17C00E9344A /* Extensions */ = {
			isa = PBXGroup;
			children = (
				592655602C5FF18F00E9344A /* extension.swift */,
				596824012C65CF6A001230DF /* RootViewController.swift */,
			);
			path = Extensions;
			sourceTree = "<group>";
		};
		59473F322C5E05720009E0F0 = {
			isa = PBXGroup;
			children = (
				59473F3D2C5E05720009E0F0 /* LetChatMessanger */,
				59473F3C2C5E05720009E0F0 /* Products */,
				60C7526045E68644BA7FBEB9 /* Pods */,
				958FAA7AD138B1E0409CB891 /* Frameworks */,
			);
			sourceTree = "<group>";
		};
		59473F3C2C5E05720009E0F0 /* Products */ = {
			isa = PBXGroup;
			children = (
				59473F3B2C5E05720009E0F0 /* LetChatMessanger.app */,
			);
			name = Products;
			sourceTree = "<group>";
		};
		59473F3D2C5E05720009E0F0 /* LetChatMessanger */ = {
			isa = PBXGroup;
			children = (
				A3296BAA2CDDEB5600C095CF /* Frontend */,
				A3296BA62CDDE0EC00C095CF /* TableViewCells */,
				A3E1A0572CDDDD1800F72014 /* VC */,
				59473F532C5E06F20009E0F0 /* AppFiles */,
				5926555F2C5FF17C00E9344A /* Extensions */,
				59473F562C5E07350009E0F0 /* Resources */,
				59473F522C5E06EA0009E0F0 /* Model */,
				59473F4C2C5E05730009E0F0 /* Info.plist */,
				A3296BB72CDEE47100C095CF /* GoogleService-Info.plist */,
			);
			path = LetChatMessanger;
			sourceTree = "<group>";
		};
		59473F522C5E06EA0009E0F0 /* Model */ = {
			isa = PBXGroup;
			children = (
				596824032C660F6C001230DF /* MessageModal.swift */,
				A34F03612CDF01C50076E059 /* MessageStruct.swift */,
			);
			path = Model;
			sourceTree = "<group>";
		};
		59473F532C5E06F20009E0F0 /* AppFiles */ = {
			isa = PBXGroup;
			children = (
				59473F3E2C5E05720009E0F0 /* AppDelegate.swift */,
				59473F402C5E05720009E0F0 /* SceneDelegate.swift */,
			);
			path = AppFiles;
			sourceTree = "<group>";
		};
		59473F562C5E07350009E0F0 /* Resources */ = {
			isa = PBXGroup;
			children = (
				59473F472C5E05730009E0F0 /* Assets.xcassets */,
			);
			path = Resources;
			sourceTree = "<group>";
		};
		60C7526045E68644BA7FBEB9 /* Pods */ = {
			isa = PBXGroup;
			children = (
				0523EFDBAAC360E978608D01 /* Pods-LetChatMessanger.debug.xcconfig */,
				3F43B5E6E8667BA8C828AFE9 /* Pods-LetChatMessanger.release.xcconfig */,
			);
			path = Pods;
			sourceTree = "<group>";
		};
		958FAA7AD138B1E0409CB891 /* Frameworks */ = {
			isa = PBXGroup;
			children = (
				24920D79956B5FB8F291534F /* Pods_LetChatMessanger.framework */,
			);
			name = Frameworks;
			sourceTree = "<group>";
		};
		A3296BA62CDDE0EC00C095CF /* TableViewCells */ = {
			isa = PBXGroup;
			children = (
				A3296BA72CDDE0FD00C095CF /* ChatsTableViewCell  */,
			);
			path = TableViewCells;
			sourceTree = "<group>";
		};
		A3296BA72CDDE0FD00C095CF /* ChatsTableViewCell  */ = {
			isa = PBXGroup;
			children = (
				A3296BA82CDDE11700C095CF /* ChatsTableViewCell.swift */,
				A3296BB92CDEFFDB00C095CF /* MessageCell.swift */,
			);
			path = "ChatsTableViewCell ";
			sourceTree = "<group>";
		};
		A3296BAA2CDDEB5600C095CF /* Frontend */ = {
			isa = PBXGroup;
			children = (
				A3296BAB2CDDEB6B00C095CF /* ChatPageView.swift */,
				A3296BAD2CDDEBC800C095CF /* RegisterView.swift */,
				A3296BAF2CDDEC0E00C095CF /* LogInView.swift */,
				A3296BB12CDDEC7200C095CF /* HomeView.swift */,
				A3296BB32CDEE06700C095CF /* UserListView.swift */,
			);
			path = Frontend;
			sourceTree = "<group>";
		};
		A3E1A0572CDDDD1800F72014 /* VC */ = {
			isa = PBXGroup;
			children = (
				59473F422C5E05720009E0F0 /* HomeVC.swift */,
				A3E1A05A2CDDDD9D00F72014 /* LogInVC.swift */,
				A3E1A05C2CDDDDBF00F72014 /* RegisterVC.swift */,
				A3E1A05E2CDDDDF900F72014 /* ChatPageVC.swift */,
				A3296BB52CDEE09700C095CF /* UserListVC.swift */,
			);
			path = VC;
			sourceTree = "<group>";
		};
/* End PBXGroup section */

/* Begin PBXNativeTarget section */
		59473F3A2C5E05720009E0F0 /* LetChatMessanger */ = {
			isa = PBXNativeTarget;
			buildConfigurationList = 59473F4F2C5E05730009E0F0 /* Build configuration list for PBXNativeTarget "LetChatMessanger" */;
			buildPhases = (
				3A5E692147B6989EAAAAD20C /* [CP] Check Pods Manifest.lock */,
				59473F372C5E05720009E0F0 /* Sources */,
				59473F382C5E05720009E0F0 /* Frameworks */,
				59473F392C5E05720009E0F0 /* Resources */,
				67C09EA380D5E38C46468AFB /* [CP] Embed Pods Frameworks */,
			);
			buildRules = (
			);
			dependencies = (
			);
			name = LetChatMessanger;
			packageProductDependencies = (
			);
			productName = LetChatMessanger;
			productReference = 59473F3B2C5E05720009E0F0 /* LetChatMessanger.app */;
			productType = "com.apple.product-type.application";
		};
/* End PBXNativeTarget section */

/* Begin PBXProject section */
		59473F332C5E05720009E0F0 /* Project object */ = {
			isa = PBXProject;
			attributes = {
				BuildIndependentTargetsInParallel = 1;
				LastSwiftUpdateCheck = 1540;
				LastUpgradeCheck = 1540;
				TargetAttributes = {
					59473F3A2C5E05720009E0F0 = {
						CreatedOnToolsVersion = 15.4;
					};
				};
			};
			buildConfigurationList = 59473F362C5E05720009E0F0 /* Build configuration list for PBXProject "LetChatMessanger" */;
			compatibilityVersion = "Xcode 14.0";
			developmentRegion = en;
			hasScannedForEncodings = 0;
			knownRegions = (
				en,
				Base,
			);
			mainGroup = 59473F322C5E05720009E0F0;
			packageReferences = (
			);
			productRefGroup = 59473F3C2C5E05720009E0F0 /* Products */;
			projectDirPath = "";
			projectRoot = "";
			targets = (
				59473F3A2C5E05720009E0F0 /* LetChatMessanger */,
			);
		};
/* End PBXProject section */

/* Begin PBXResourcesBuildPhase section */
		59473F392C5E05720009E0F0 /* Resources */ = {
			isa = PBXResourcesBuildPhase;
			buildActionMask = 2147483647;
			files = (
				59473F482C5E05730009E0F0 /* Assets.xcassets in Resources */,
				A3296BB82CDEE47100C095CF /* GoogleService-Info.plist in Resources */,
			);
			runOnlyForDeploymentPostprocessing = 0;
		};
/* End PBXResourcesBuildPhase section */

/* Begin PBXShellScriptBuildPhase section */
		3A5E692147B6989EAAAAD20C /* [CP] Check Pods Manifest.lock */ = {
			isa = PBXShellScriptBuildPhase;
			buildActionMask = 2147483647;
			files = (
			);
			inputFileListPaths = (
			);
			inputPaths = (
				"${PODS_PODFILE_DIR_PATH}/Podfile.lock",
				"${PODS_ROOT}/Manifest.lock",
			);
			name = "[CP] Check Pods Manifest.lock";
			outputFileListPaths = (
			);
			outputPaths = (
				"$(DERIVED_FILE_DIR)/Pods-LetChatMessanger-checkManifestLockResult.txt",
			);
			runOnlyForDeploymentPostprocessing = 0;
			shellPath = /bin/sh;
			shellScript = "diff \"${PODS_PODFILE_DIR_PATH}/Podfile.lock\" \"${PODS_ROOT}/Manifest.lock\" > /dev/null\nif [ $? != 0 ] ; then\n    # print error to STDERR\n    echo \"error: The sandbox is not in sync with the Podfile.lock. Run 'pod install' or update your CocoaPods installation.\" >&2\n    exit 1\nfi\n# This output is used by Xcode 'outputs' to avoid re-running this script phase.\necho \"SUCCESS\" > \"${SCRIPT_OUTPUT_FILE_0}\"\n";
			showEnvVarsInLog = 0;
		};
		67C09EA380D5E38C46468AFB /* [CP] Embed Pods Frameworks */ = {
			isa = PBXShellScriptBuildPhase;
			buildActionMask = 2147483647;
			files = (
			);
			inputFileListPaths = (
				"${PODS_ROOT}/Target Support Files/Pods-LetChatMessanger/Pods-LetChatMessanger-frameworks-${CONFIGURATION}-input-files.xcfilelist",
			);
			name = "[CP] Embed Pods Frameworks";
			outputFileListPaths = (
				"${PODS_ROOT}/Target Support Files/Pods-LetChatMessanger/Pods-LetChatMessanger-frameworks-${CONFIGURATION}-output-files.xcfilelist",
			);
			runOnlyForDeploymentPostprocessing = 0;
			shellPath = /bin/sh;
			shellScript = "\"${PODS_ROOT}/Target Support Files/Pods-LetChatMessanger/Pods-LetChatMessanger-frameworks.sh\"\n";
			showEnvVarsInLog = 0;
		};
/* End PBXShellScriptBuildPhase section */

/* Begin PBXSourcesBuildPhase section */
		59473F372C5E05720009E0F0 /* Sources */ = {
			isa = PBXSourcesBuildPhase;
			buildActionMask = 2147483647;
			files = (
				59473F432C5E05720009E0F0 /* HomeVC.swift in Sources */,
				A3296BB42CDEE06700C095CF /* UserListView.swift in Sources */,
				A3296BB22CDDEC7200C095CF /* HomeView.swift in Sources */,
				A3E1A05D2CDDDDBF00F72014 /* RegisterVC.swift in Sources */,
				596824022C65CF6A001230DF /* RootViewController.swift in Sources */,
				A3E1A05B2CDDDD9D00F72014 /* LogInVC.swift in Sources */,
				A3E1A05F2CDDDDF900F72014 /* ChatPageVC.swift in Sources */,
				592655612C5FF18F00E9344A /* extension.swift in Sources */,
				596824042C660F6C001230DF /* MessageModal.swift in Sources */,
				59473F3F2C5E05720009E0F0 /* AppDelegate.swift in Sources */,
				A3296BAC2CDDEB6B00C095CF /* ChatPageView.swift in Sources */,
				A3296BAE2CDDEBC800C095CF /* RegisterView.swift in Sources */,
				59473F412C5E05720009E0F0 /* SceneDelegate.swift in Sources */,
				A3296BBA2CDEFFDB00C095CF /* MessageCell.swift in Sources */,
				A3296BA92CDDE11700C095CF /* ChatsTableViewCell.swift in Sources */,
				A3296BB02CDDEC0E00C095CF /* LogInView.swift in Sources */,
				A3296BB62CDEE09700C095CF /* UserListVC.swift in Sources */,
				A34F03622CDF01C50076E059 /* MessageStruct.swift in Sources */,
			);
			runOnlyForDeploymentPostprocessing = 0;
		};
/* End PBXSourcesBuildPhase section */

/* Begin XCBuildConfiguration section */
		59473F4D2C5E05730009E0F0 /* Debug */ = {
			isa = XCBuildConfiguration;
			buildSettings = {
				ALWAYS_SEARCH_USER_PATHS = NO;
				ASSETCATALOG_COMPILER_GENERATE_SWIFT_ASSET_SYMBOL_EXTENSIONS = YES;
				CLANG_ANALYZER_NONNULL = YES;
				CLANG_ANALYZER_NUMBER_OBJECT_CONVERSION = YES_AGGRESSIVE;
				CLANG_CXX_LANGUAGE_STANDARD = "gnu++20";
				CLANG_ENABLE_MODULES = YES;
				CLANG_ENABLE_OBJC_ARC = YES;
				CLANG_ENABLE_OBJC_WEAK = YES;
				CLANG_WARN_BLOCK_CAPTURE_AUTORELEASING = YES;
				CLANG_WARN_BOOL_CONVERSION = YES;
				CLANG_WARN_COMMA = YES;
				CLANG_WARN_CONSTANT_CONVERSION = YES;
				CLANG_WARN_DEPRECATED_OBJC_IMPLEMENTATIONS = YES;
				CLANG_WARN_DIRECT_OBJC_ISA_USAGE = YES_ERROR;
				CLANG_WARN_DOCUMENTATION_COMMENTS = YES;
				CLANG_WARN_EMPTY_BODY = YES;
				CLANG_WARN_ENUM_CONVERSION = YES;
				CLANG_WARN_INFINITE_RECURSION = YES;
				CLANG_WARN_INT_CONVERSION = YES;
				CLANG_WARN_NON_LITERAL_NULL_CONVERSION = YES;
				CLANG_WARN_OBJC_IMPLICIT_RETAIN_SELF = YES;
				CLANG_WARN_OBJC_LITERAL_CONVERSION = YES;
				CLANG_WARN_OBJC_ROOT_CLASS = YES_ERROR;
				CLANG_WARN_QUOTED_INCLUDE_IN_FRAMEWORK_HEADER = YES;
				CLANG_WARN_RANGE_LOOP_ANALYSIS = YES;
				CLANG_WARN_STRICT_PROTOTYPES = YES;
				CLANG_WARN_SUSPICIOUS_MOVE = YES;
				CLANG_WARN_UNGUARDED_AVAILABILITY = YES_AGGRESSIVE;
				CLANG_WARN_UNREACHABLE_CODE = YES;
				CLANG_WARN__DUPLICATE_METHOD_MATCH = YES;
				COPY_PHASE_STRIP = NO;
				DEBUG_INFORMATION_FORMAT = dwarf;
				ENABLE_STRICT_OBJC_MSGSEND = YES;
				ENABLE_TESTABILITY = YES;
				ENABLE_USER_SCRIPT_SANDBOXING = NO;
				GCC_C_LANGUAGE_STANDARD = gnu17;
				GCC_DYNAMIC_NO_PIC = NO;
				GCC_NO_COMMON_BLOCKS = YES;
				GCC_OPTIMIZATION_LEVEL = 0;
				GCC_PREPROCESSOR_DEFINITIONS = (
					"DEBUG=1",
					"$(inherited)",
				);
				GCC_WARN_64_TO_32_BIT_CONVERSION = YES;
				GCC_WARN_ABOUT_RETURN_TYPE = YES_ERROR;
				GCC_WARN_UNDECLARED_SELECTOR = YES;
				GCC_WARN_UNINITIALIZED_AUTOS = YES_AGGRESSIVE;
				GCC_WARN_UNUSED_FUNCTION = YES;
				GCC_WARN_UNUSED_VARIABLE = YES;
				IPHONEOS_DEPLOYMENT_TARGET = 17.5;
				LOCALIZATION_PREFERS_STRING_CATALOGS = YES;
				MTL_ENABLE_DEBUG_INFO = INCLUDE_SOURCE;
				MTL_FAST_MATH = YES;
				ONLY_ACTIVE_ARCH = YES;
				SDKROOT = iphoneos;
				SWIFT_ACTIVE_COMPILATION_CONDITIONS = "DEBUG $(inherited)";
				SWIFT_OPTIMIZATION_LEVEL = "-Onone";
			};
			name = Debug;
		};
		59473F4E2C5E05730009E0F0 /* Release */ = {
			isa = XCBuildConfiguration;
			buildSettings = {
				ALWAYS_SEARCH_USER_PATHS = NO;
				ASSETCATALOG_COMPILER_GENERATE_SWIFT_ASSET_SYMBOL_EXTENSIONS = YES;
				CLANG_ANALYZER_NONNULL = YES;
				CLANG_ANALYZER_NUMBER_OBJECT_CONVERSION = YES_AGGRESSIVE;
				CLANG_CXX_LANGUAGE_STANDARD = "gnu++20";
				CLANG_ENABLE_MODULES = YES;
				CLANG_ENABLE_OBJC_ARC = YES;
				CLANG_ENABLE_OBJC_WEAK = YES;
				CLANG_WARN_BLOCK_CAPTURE_AUTORELEASING = YES;
				CLANG_WARN_BOOL_CONVERSION = YES;
				CLANG_WARN_COMMA = YES;
				CLANG_WARN_CONSTANT_CONVERSION = YES;
				CLANG_WARN_DEPRECATED_OBJC_IMPLEMENTATIONS = YES;
				CLANG_WARN_DIRECT_OBJC_ISA_USAGE = YES_ERROR;
				CLANG_WARN_DOCUMENTATION_COMMENTS = YES;
				CLANG_WARN_EMPTY_BODY = YES;
				CLANG_WARN_ENUM_CONVERSION = YES;
				CLANG_WARN_INFINITE_RECURSION = YES;
				CLANG_WARN_INT_CONVERSION = YES;
				CLANG_WARN_NON_LITERAL_NULL_CONVERSION = YES;
				CLANG_WARN_OBJC_IMPLICIT_RETAIN_SELF = YES;
				CLANG_WARN_OBJC_LITERAL_CONVERSION = YES;
				CLANG_WARN_OBJC_ROOT_CLASS = YES_ERROR;
				CLANG_WARN_QUOTED_INCLUDE_IN_FRAMEWORK_HEADER = YES;
				CLANG_WARN_RANGE_LOOP_ANALYSIS = YES;
				CLANG_WARN_STRICT_PROTOTYPES = YES;
				CLANG_WARN_SUSPICIOUS_MOVE = YES;
				CLANG_WARN_UNGUARDED_AVAILABILITY = YES_AGGRESSIVE;
				CLANG_WARN_UNREACHABLE_CODE = YES;
				CLANG_WARN__DUPLICATE_METHOD_MATCH = YES;
				COPY_PHASE_STRIP = NO;
				DEBUG_INFORMATION_FORMAT = "dwarf-with-dsym";
				ENABLE_NS_ASSERTIONS = NO;
				ENABLE_STRICT_OBJC_MSGSEND = YES;
				ENABLE_USER_SCRIPT_SANDBOXING = NO;
				GCC_C_LANGUAGE_STANDARD = gnu17;
				GCC_NO_COMMON_BLOCKS = YES;
				GCC_WARN_64_TO_32_BIT_CONVERSION = YES;
				GCC_WARN_ABOUT_RETURN_TYPE = YES_ERROR;
				GCC_WARN_UNDECLARED_SELECTOR = YES;
				GCC_WARN_UNINITIALIZED_AUTOS = YES_AGGRESSIVE;
				GCC_WARN_UNUSED_FUNCTION = YES;
				GCC_WARN_UNUSED_VARIABLE = YES;
				IPHONEOS_DEPLOYMENT_TARGET = 17.5;
				LOCALIZATION_PREFERS_STRING_CATALOGS = YES;
				MTL_ENABLE_DEBUG_INFO = NO;
				MTL_FAST_MATH = YES;
				SDKROOT = iphoneos;
				SWIFT_COMPILATION_MODE = wholemodule;
				VALIDATE_PRODUCT = YES;
			};
			name = Release;
		};
		59473F502C5E05730009E0F0 /* Debug */ = {
			isa = XCBuildConfiguration;
			baseConfigurationReference = 0523EFDBAAC360E978608D01 /* Pods-LetChatMessanger.debug.xcconfig */;
			buildSettings = {
				ASSETCATALOG_COMPILER_APPICON_NAME = AppIcon;
				ASSETCATALOG_COMPILER_GLOBAL_ACCENT_COLOR_NAME = AccentColor;
				CODE_SIGN_STYLE = Automatic;
				CURRENT_PROJECT_VERSION = 1;
				DEVELOPMENT_TEAM = NLN78H8H2M;
				GENERATE_INFOPLIST_FILE = YES;
				INFOPLIST_FILE = LetChatMessanger/Info.plist;
				INFOPLIST_KEY_UIApplicationSupportsIndirectInputEvents = YES;
				INFOPLIST_KEY_UILaunchStoryboardName = LaunchScreen;
				INFOPLIST_KEY_UIMainStoryboardFile = "";
				INFOPLIST_KEY_UISupportedInterfaceOrientations = UIInterfaceOrientationPortrait;
				IPHONEOS_DEPLOYMENT_TARGET = 16.0;
				LD_RUNPATH_SEARCH_PATHS = (
					"$(inherited)",
					"@executable_path/Frameworks",
				);
				MARKETING_VERSION = 1.0;
				PRODUCT_BUNDLE_IDENTIFIER = com.shiva.LetChatMessanger;
				PRODUCT_NAME = "$(TARGET_NAME)";
				SWIFT_EMIT_LOC_STRINGS = YES;
				SWIFT_VERSION = 5.0;
				TARGETED_DEVICE_FAMILY = "1,2";
			};
			name = Debug;
		};
		59473F512C5E05730009E0F0 /* Release */ = {
			isa = XCBuildConfiguration;
			baseConfigurationReference = 3F43B5E6E8667BA8C828AFE9 /* Pods-LetChatMessanger.release.xcconfig */;
			buildSettings = {
				ASSETCATALOG_COMPILER_APPICON_NAME = AppIcon;
				ASSETCATALOG_COMPILER_GLOBAL_ACCENT_COLOR_NAME = AccentColor;
				CODE_SIGN_STYLE = Automatic;
				CURRENT_PROJECT_VERSION = 1;
				DEVELOPMENT_TEAM = NLN78H8H2M;
				GENERATE_INFOPLIST_FILE = YES;
				INFOPLIST_FILE = LetChatMessanger/Info.plist;
				INFOPLIST_KEY_UIApplicationSupportsIndirectInputEvents = YES;
				INFOPLIST_KEY_UILaunchStoryboardName = LaunchScreen;
				INFOPLIST_KEY_UIMainStoryboardFile = "";
				INFOPLIST_KEY_UISupportedInterfaceOrientations = UIInterfaceOrientationPortrait;
				IPHONEOS_DEPLOYMENT_TARGET = 16.0;
				LD_RUNPATH_SEARCH_PATHS = (
					"$(inherited)",
					"@executable_path/Frameworks",
				);
				MARKETING_VERSION = 1.0;
				PRODUCT_BUNDLE_IDENTIFIER = com.shiva.LetChatMessanger;
				PRODUCT_NAME = "$(TARGET_NAME)";
				SWIFT_EMIT_LOC_STRINGS = YES;
				SWIFT_VERSION = 5.0;
				TARGETED_DEVICE_FAMILY = "1,2";
			};
			name = Release;
		};
/* End XCBuildConfiguration section */

/* Begin XCConfigurationList section */
		59473F362C5E05720009E0F0 /* Build configuration list for PBXProject "LetChatMessanger" */ = {
			isa = XCConfigurationList;
			buildConfigurations = (
				59473F4D2C5E05730009E0F0 /* Debug */,
				59473F4E2C5E05730009E0F0 /* Release */,
			);
			defaultConfigurationIsVisible = 0;
			defaultConfigurationName = Release;
		};
		59473F4F2C5E05730009E0F0 /* Build configuration list for PBXNativeTarget "LetChatMessanger" */ = {
			isa = XCConfigurationList;
			buildConfigurations = (
				59473F502C5E05730009E0F0 /* Debug */,
				59473F512C5E05730009E0F0 /* Release */,
			);
			defaultConfigurationIsVisible = 0;
			defaultConfigurationName = Release;
		};
/* End XCConfigurationList section */
	};
	rootObject = 59473F332C5E05720009E0F0 /* Project object */;
}
